lockfileVersion: '9.0'

settings:
  autoInstallPeers: true
  excludeLinksFromLockfile: false

importers:

  .:
    dependencies:
      react:
        specifier: ^19.2.4
        version: 19.2.4
      typescript:
        specifier: ^5.9.3
        version: 5.9.3
    devDependencies:
      '@types/react':
        specifier: ^19.2.14
        version: 19.2.14
      oxlint:
        specifier: 1.15.0
        version: 1.15.0

packages:

  '@oxlint/darwin-arm64@1.15.0':
    resolution: {integrity: sha512-fwYg7WDKI6eAErREBGMXkIAOqBuBFN0LWbQJvVNXCGjywGxsisdwkHnNu4UG8IpHo4P71mUxf3l2xm+5Xiy+TA==}
    cpu: [arm64]
    os: [darwin]

  '@oxlint/darwin-x64@1.15.0':
    resolution: {integrity: sha512-RtaAmB6NZZx4hvjCg6w35shzRY5fLclbMsToC92MTZ9lMDF9LotzcbyNHCZ1tvZb1tNPObpIsuX16BFeElF8nw==}
    cpu: [x64]
    os: [darwin]

  '@oxlint/linux-arm64-gnu@1.15.0':
    resolution: {integrity: sha512-8uV0lAbmqp93KTBlJWyCdQWuxTzLn+QrDRidUaCLJjn65uvv8KlRhZJoZoyLh17X6U/cgezYktWTMiMhxX56BA==}
    cpu: [arm64]
    os: [linux]
    libc: [glibc]

  '@oxlint/linux-arm64-musl@1.15.0':
    resolution: {integrity: sha512-/+hTqh1J29+2GitKrWUHIYjQBM1szWSJ1U7OzQlgL+Uvf8jxg4sn1nV79LcPMXhC2t8lZy5EOXOgwIh92DsdhQ==}
    cpu: [arm64]
    os: [linux]
    libc: [musl]

  '@oxlint/linux-x64-gnu@1.15.0':
    resolution: {integrity: sha512-GzeY3AhUd49yV+/76Gw0pjpwUJwxCkwYAJTNe7fFTdWjEQ6M6g8ZzJg5FKtUvgA5sMgmfzHhvSXxvT57YhcXnA==}
    cpu: [x64]
    os: [linux]
    libc: [glibc]

  '@oxlint/linux-x64-musl@1.15.0':
    resolution: {integrity: sha512-p/7+juizUOCpGYreFmdfmIOSSSE3+JfsgnXnOHuP8mqlZfiOeXyevyajuXpPNRM60+k0reGvlV7ezp1iFitF7w==}
    cpu: [x64]
    os: [linux]
    libc: [musl]

  '@oxlint/win32-arm64@1.15.0':
    resolution: {integrity: sha512-2LaDLOtCMq+lzIQ63Eir3UJV/hQNlw01xtsij2L8sSxt4gA+zWvubOQJQIOPGMDxEKFcWT1lo/6YEXX/sNnZDA==}
    cpu: [arm64]
    os: [win32]

  '@oxlint/win32-x64@1.15.0':
    resolution: {integrity: sha512-+jgRPpZrFIcrNxCVsDIy6HVCRpKVDN0DHD8VJodjrsDv6heqhq/qCTa2IXY3R4glWe1nWQ5JgdFKLn3Bl+aLNg==}
    cpu: [x64]
    os: [win32]

  '@types/react@19.2.14':
    resolution: {integrity: sha512-ilcTH/UniCkMdtexkoCN0bI7pMcJDvmQFPvuPvmEaYA/NSfFTAgdUSLAoVjaRJm7+6PvcM+q1zYOwS4wTYMF9w==}

  csstype@3.2.3:
    resolution: {integrity: sha512-z1HGKcYy2xA8AGQfwrn0PAy+PB7X/GSj3UVJW9qKyn43xWa+gl5nXmU4qqLMRzWVLFC8KusUX8T/0kCiOYpAIQ==}

  oxlint@1.15.0:
    resolution: {integrity: sha512-GZngkdF2FabM0pp0/l5OOhIQg+9L6LmOrmS8V8Vg+Swv9/VLJd/oc/LtAkv4HO45BNWL3EVaXzswI0CmGokVzw==}
    engines: {node: '>=8.*'}
    hasBin: true
    peerDependencies:
      oxlint-tsgolint: '>=0.2.0'
    peerDependenciesMeta:
      oxlint-tsgolint:
        optional: true

  react@19.2.4:
    resolution: {integrity: sha512-9nfp2hYpCwOjAN+8TZFGhtWEwgvWHXqESH8qT89AT/lWklpLON22Lc8pEtnpsZz7VmawabSU0gCjnj8aC0euHQ==}
    engines: {node: '>=0.10.0'}

  typescript@5.9.3:
    resolution: {integrity: sha512-jl1vZzPDinLr9eUt3J/t7V6FgNEw9QjvBPdysz9KfQDD41fQrC2Y4vKQdiaUpFT4bXlb1RHhLpp8wtm6M5TgSw==}
    engines: {node: '>=14.17'}
    hasBin: true

snapshots:

  '@oxlint/darwin-arm64@1.15.0':
    optional: true

  '@oxlint/darwin-x64@1.15.0':
    optional: true

  '@oxlint/linux-arm64-gnu@1.15.0':
    optional: true

  '@oxlint/linux-arm64-musl@1.15.0':
    optional: true

  '@oxlint/linux-x64-gnu@1.15.0':
    optional: true

  '@oxlint/linux-x64-musl@1.15.0':
    optional: true

  '@oxlint/win32-arm64@1.15.0':
    optional: true

  '@oxlint/win32-x64@1.15.0':
    optional: true

  '@types/react@19.2.14':
    dependencies:
      csstype: 3.2.3

  csstype@3.2.3: {}

  oxlint@1.15.0:
    optionalDependencies:
      '@oxlint/darwin-arm64': 1.15.0
      '@oxlint/darwin-x64': 1.15.0
      '@oxlint/linux-arm64-gnu': 1.15.0
      '@oxlint/linux-arm64-musl': 1.15.0
      '@oxlint/linux-x64-gnu': 1.15.0
      '@oxlint/linux-x64-musl': 1.15.0
      '@oxlint/win32-arm64': 1.15.0
      '@oxlint/win32-x64': 1.15.0

  react@19.2.4: {}

  typescript@5.9.3: {}
