lockfileVersion: '9.0'

settings:
  autoInstallPeers: true
  excludeLinksFromLockfile: false

importers:

  .:
    dependencies:
      react:
        specifier: ^19.2.4
        version: 19.2.4
      typescript:
        specifier: ^5.9.3
        version: 5.9.3
    devDependencies:
      '@types/react':
        specifier: ^19.2.14
        version: 19.2.14
      oxlint:
        specifier: ^1.47.0
        version: 1.47.0

packages:

  '@oxlint/binding-android-arm-eabi@1.47.0':
    resolution: {integrity: sha512-UHqo3te9K/fh29brCuQdHjN+kfpIi9cnTPABuD5S9wb9ykXYRGTOOMVuSV/CK43sOhU4wwb2nT1RVjcbrrQjFw==}
    engines: {node: ^20.19.0 || >=22.12.0}
    cpu: [arm]
    os: [android]

  '@oxlint/binding-android-arm64@1.47.0':
    resolution: {integrity: sha512-xh02lsTF1TAkR+SZrRMYHR/xCx8Wg2MAHxJNdHVpAKELh9/yE9h4LJeqAOBbIb3YYn8o/D97U9VmkvkfJfrHfw==}
    engines: {node: ^20.19.0 || >=22.12.0}
    cpu: [arm64]
    os: [android]

  '@oxlint/binding-darwin-arm64@1.47.0':
    resolution: {integrity: sha512-OSOfNJqabOYbkyQDGT5pdoL+05qgyrmlQrvtCO58M4iKGEQ/xf3XkkKj7ws+hO+k8Y4VF4zGlBsJlwqy7qBcHA==}
    engines: {node: ^20.19.0 || >=22.12.0}
    cpu: [arm64]
    os: [darwin]

  '@oxlint/binding-darwin-x64@1.47.0':
    resolution: {integrity: sha512-hP2bOI4IWNS+F6pVXWtRshSTuJ1qCRZgDgVUg6EBUqsRy+ExkEPJkx+YmIuxgdCduYK1LKptLNFuQLJP8voPbQ==}
    engines: {node: ^20.19.0 || >=22.12.0}
    cpu: [x64]
    os: [darwin]

  '@oxlint/binding-freebsd-x64@1.47.0':
    resolution: {integrity: sha512-F55jIEH5xmGu7S661Uho8vGiLFk0bY3A/g4J8CTKiLJnYu/PSMZ2WxFoy5Hji6qvFuujrrM9Q8XXbMO0fKOYPg==}
    engines: {node: ^20.19.0 || >=22.12.0}
    cpu: [x64]
    os: [freebsd]

  '@oxlint/binding-linux-arm-gnueabihf@1.47.0':
    resolution: {integrity: sha512-wxmOn/wns/WKPXUC1fo5mu9pMZPVOu8hsynaVDrgmmXMdHKS7on6bA5cPauFFN9tJXNdsjW26AK9lpfu3IfHBQ==}
    engines: {node: ^20.19.0 || >=22.12.0}
    cpu: [arm]
    os: [linux]

  '@oxlint/binding-linux-arm-musleabihf@1.47.0':
    resolution: {integrity: sha512-KJTmVIA/GqRlM2K+ZROH30VMdydEU7bDTY35fNg3tOPzQRIs2deLZlY/9JWwdWo1F/9mIYmpbdCmPqtKhWNOPg==}
    engines: {node: ^20.19.0 || >=22.12.0}
    cpu: [arm]
    os: [linux]

  '@oxlint/binding-linux-arm64-gnu@1.47.0':
    resolution: {integrity: sha512-PF7ELcFg1GVlS0X0ZB6aWiXobjLrAKer3T8YEkwIoO8RwWiAMkL3n3gbleg895BuZkHVlJ2kPRUwfrhHrVkD1A==}
    engines: {node: ^20.19.0 || >=22.12.0}
    cpu: [arm64]
    os: [linux]
    libc: [glibc]

  '@oxlint/binding-linux-arm64-musl@1.47.0':
    resolution: {integrity: sha512-4BezLRO5cu0asf0Jp1gkrnn2OHiXrPPPEfBTxq1k5/yJ2zdGGTmZxHD2KF2voR23wb8Elyu3iQawXo7wvIZq0Q==}
    engines: {node: ^20.19.0 || >=22.12.0}
    cpu: [arm64]
    os: [linux]
    libc: [musl]

  '@oxlint/binding-linux-ppc64-gnu@1.47.0':
    resolution: {integrity: sha512-aI5ds9jq2CPDOvjeapiIj48T/vlWp+f4prkxs+FVzrmVN9BWIj0eqeJ/hV8WgXg79HVMIz9PU6deI2ki09bR1w==}
    engines: {node: ^20.19.0 || >=22.12.0}
    cpu: [ppc64]
    os: [linux]
    libc: [glibc]

  '@oxlint/binding-linux-riscv64-gnu@1.47.0':
    resolution: {integrity: sha512-mO7ycp9Elvgt5EdGkQHCwJA6878xvo9tk+vlMfT1qg++UjvOMB8INsOCQIOH2IKErF/8/P21LULkdIrocMw9xA==}
    engines: {node: ^20.19.0 || >=22.12.0}
    cpu: [riscv64]
    os: [linux]
    libc: [glibc]

  '@oxlint/binding-linux-riscv64-musl@1.47.0':
    resolution: {integrity: sha512-24D0wsYT/7hDFn3Ow32m3/+QT/1ZwrUhShx4/wRDAmz11GQHOZ1k+/HBuK/MflebdnalmXWITcPEy4BWTi7TCA==}
    engines: {node: ^20.19.0 || >=22.12.0}
    cpu: [riscv64]
    os: [linux]
    libc: [musl]

  '@oxlint/binding-linux-s390x-gnu@1.47.0':
    resolution: {integrity: sha512-8tPzPne882mtML/uy3mApvdCyuVOpthJ7xUv3b67gVfz63hOOM/bwO0cysSkPyYYFDFRn6/FnUb7Jhmsesntvg==}
    engines: {node: ^20.19.0 || >=22.12.0}
    cpu: [s390x]
    os: [linux]
    libc: [glibc]

  '@oxlint/binding-linux-x64-gnu@1.47.0':
    resolution: {integrity: sha512-q58pIyGIzeffEBhEgbRxLFHmHfV9m7g1RnkLiahQuEvyjKNiJcvdHOwKH2BdgZxdzc99Cs6hF5xTa86X40WzPw==}
    engines: {node: ^20.19.0 || >=22.12.0}
    cpu: [x64]
    os: [linux]
    libc: [glibc]

  '@oxlint/binding-linux-x64-musl@1.47.0':
    resolution: {integrity: sha512-e7DiLZtETZUCwTa4EEHg9G+7g3pY+afCWXvSeMG7m0TQ29UHHxMARPaEQUE4mfKgSqIWnJaUk2iZzRPMRdga5g==}
    engines: {node: ^20.19.0 || >=22.12.0}
    cpu: [x64]
    os: [linux]
    libc: [musl]

  '@oxlint/binding-openharmony-arm64@1.47.0':
    resolution: {integrity: sha512-3AFPfQ0WKMleT/bKd7zsks3xoawtZA6E/wKf0DjwysH7wUiMMJkNKXOzYq1R/00G98JFgSU1AkrlOQrSdNNhlg==}
    engines: {node: ^20.19.0 || >=22.12.0}
    cpu: [arm64]
    os: [openharmony]

  '@oxlint/binding-win32-arm64-msvc@1.47.0':
    resolution: {integrity: sha512-cLMVVM6TBxp+N7FldQJ2GQnkcLYEPGgiuEaXdvhgvSgODBk9ov3jed+khIXSAWtnFOW0wOnG3RjwqPh0rCuheA==}
    engines: {node: ^20.19.0 || >=22.12.0}
    cpu: [arm64]
    os: [win32]

  '@oxlint/binding-win32-ia32-msvc@1.47.0':
    resolution: {integrity: sha512-VpFOSzvTnld77/Edje3ZdHgZWnlTb5nVWXyTgjD3/DKF/6t5bRRbwn3z77zOdnGy44xAMvbyAwDNOSeOdVUmRA==}
    engines: {node: ^20.19.0 || >=22.12.0}
    cpu: [ia32]
    os: [win32]

  '@oxlint/binding-win32-x64-msvc@1.47.0':
    resolution: {integrity: sha512-+q8IWptxXx2HMTM6JluR67284t0h8X/oHJgqpxH1siowxPMqZeIpAcWCUq+tY+Rv2iQK8TUugjZnSBQAVV5CmA==}
    engines: {node: ^20.19.0 || >=22.12.0}
    cpu: [x64]
    os: [win32]

  '@types/react@19.2.14':
    resolution: {integrity: sha512-ilcTH/UniCkMdtexkoCN0bI7pMcJDvmQFPvuPvmEaYA/NSfFTAgdUSLAoVjaRJm7+6PvcM+q1zYOwS4wTYMF9w==}

  csstype@3.2.3:
    resolution: {integrity: sha512-z1HGKcYy2xA8AGQfwrn0PAy+PB7X/GSj3UVJW9qKyn43xWa+gl5nXmU4qqLMRzWVLFC8KusUX8T/0kCiOYpAIQ==}

  oxlint@1.47.0:
    resolution: {integrity: sha512-v7xkK1iv1qdvTxJGclM97QzN8hHs5816AneFAQ0NGji1BMUquhiDAhXpMwp8+ls16uRVJtzVHxP9pAAXblDeGA==}
    engines: {node: ^20.19.0 || >=22.12.0}
    hasBin: true
    peerDependencies:
      oxlint-tsgolint: '>=0.11.2'
    peerDependenciesMeta:
      oxlint-tsgolint:
        optional: true

  react@19.2.4:
    resolution: {integrity: sha512-9nfp2hYpCwOjAN+8TZFGhtWEwgvWHXqESH8qT89AT/lWklpLON22Lc8pEtnpsZz7VmawabSU0gCjnj8aC0euHQ==}
    engines: {node: '>=0.10.0'}

  typescript@5.9.3:
    resolution: {integrity: sha512-jl1vZzPDinLr9eUt3J/t7V6FgNEw9QjvBPdysz9KfQDD41fQrC2Y4vKQdiaUpFT4bXlb1RHhLpp8wtm6M5TgSw==}
    engines: {node: '>=14.17'}
    hasBin: true

snapshots:

  '@oxlint/binding-android-arm-eabi@1.47.0':
    optional: true

  '@oxlint/binding-android-arm64@1.47.0':
    optional: true

  '@oxlint/binding-darwin-arm64@1.47.0':
    optional: true

  '@oxlint/binding-darwin-x64@1.47.0':
    optional: true

  '@oxlint/binding-freebsd-x64@1.47.0':
    optional: true

  '@oxlint/binding-linux-arm-gnueabihf@1.47.0':
    optional: true

  '@oxlint/binding-linux-arm-musleabihf@1.47.0':
    optional: true

  '@oxlint/binding-linux-arm64-gnu@1.47.0':
    optional: true

  '@oxlint/binding-linux-arm64-musl@1.47.0':
    optional: true

  '@oxlint/binding-linux-ppc64-gnu@1.47.0':
    optional: true

  '@oxlint/binding-linux-riscv64-gnu@1.47.0':
    optional: true

  '@oxlint/binding-linux-riscv64-musl@1.47.0':
    optional: true

  '@oxlint/binding-linux-s390x-gnu@1.47.0':
    optional: true

  '@oxlint/binding-linux-x64-gnu@1.47.0':
    optional: true

  '@oxlint/binding-linux-x64-musl@1.47.0':
    optional: true

  '@oxlint/binding-openharmony-arm64@1.47.0':
    optional: true

  '@oxlint/binding-win32-arm64-msvc@1.47.0':
    optional: true

  '@oxlint/binding-win32-ia32-msvc@1.47.0':
    optional: true

  '@oxlint/binding-win32-x64-msvc@1.47.0':
    optional: true

  '@types/react@19.2.14':
    dependencies:
      csstype: 3.2.3

  csstype@3.2.3: {}

  oxlint@1.47.0:
    optionalDependencies:
      '@oxlint/binding-android-arm-eabi': 1.47.0
      '@oxlint/binding-android-arm64': 1.47.0
      '@oxlint/binding-darwin-arm64': 1.47.0
      '@oxlint/binding-darwin-x64': 1.47.0
      '@oxlint/binding-freebsd-x64': 1.47.0
      '@oxlint/binding-linux-arm-gnueabihf': 1.47.0
      '@oxlint/binding-linux-arm-musleabihf': 1.47.0
      '@oxlint/binding-linux-arm64-gnu': 1.47.0
      '@oxlint/binding-linux-arm64-musl': 1.47.0
      '@oxlint/binding-linux-ppc64-gnu': 1.47.0
      '@oxlint/binding-linux-riscv64-gnu': 1.47.0
      '@oxlint/binding-linux-riscv64-musl': 1.47.0
      '@oxlint/binding-linux-s390x-gnu': 1.47.0
      '@oxlint/binding-linux-x64-gnu': 1.47.0
      '@oxlint/binding-linux-x64-musl': 1.47.0
      '@oxlint/binding-openharmony-arm64': 1.47.0
      '@oxlint/binding-win32-arm64-msvc': 1.47.0
      '@oxlint/binding-win32-ia32-msvc': 1.47.0
      '@oxlint/binding-win32-x64-msvc': 1.47.0

  react@19.2.4: {}

  typescript@5.9.3: {}
